
Microsoft Visual Studio Solution File, Format Version 12.00
# Visual Studio Version 17
VisualStudioVersion = 17.7.34031.279
MinimumVisualStudioVersion = 10.0.40219.1
Project("{FAE04EC0-301F-11D3-BF4B-00C04F79EFBC}") = "BankTransaction", "BankTransaction\BankTransaction.csproj", "{88620410-DF2A-4739-9D25-E4ACFB469522}"
EndProject
Global
	GlobalSection(SolutionConfigurationPlatforms) = preSolution
		Debug|Any CPU = Debug|Any CPU
		Release|Any CPU = Release|Any CPU
	EndGlobalSection
	GlobalSection(ProjectConfigurationPlatforms) = postSolution
		{88620410-DF2A-4739-9D25-E4ACFB469522}.Debug|Any CPU.ActiveCfg = Debug|Any CPU
		{88620410-DF2A-4739-9D25-E4ACFB469522}.Debug|Any CPU.Build.0 = Debug|Any CPU
		{88620410-DF2A-4739-9D25-E4ACFB469522}.Release|Any CPU.ActiveCfg = Release|Any CPU
		{88620410-DF2A-4739-9D25-E4ACFB469522}.Release|Any CPU.Build.0 = Release|Any CPU
	EndGlobalSection
	GlobalSection(SolutionProperties) = preSolution
		HideSolutionNode = FALSE
	EndGlobalSection
	GlobalSection(ExtensibilityGlobals) = postSolution
		SolutionGuid = {33D8EC17-F8B3-4362-B9ED-8AC87CDC57B8}
	EndGlobalSection
EndGlobal
